// !$*UTF8*$!
{
	archiveVersion = 1;
	classes = {
	};
	objectVersion = 46;
	objects = {

/* Begin PBXBuildFile section */
		E445C936D414B9EBA50BADF3 /* Pods_gitTest.framework in Frameworks */ = {isa = PBXBuildFile; fileRef = ADAAB0636D566F4A33D4B02E /* Pods_gitTest.framework */; };
		F2D90BCF21525EF800305A87 /* AppDelegate.swift in Sources */ = {isa = PBXBuildFile; fileRef = F2D90BCE21525EF800305A87 /* AppDelegate.swift */; };
		F2D90BD121525EF800305A87 /* ViewController.swift in Sources */ = {isa = PBXBuildFile; fileRef = F2D90BD021525EF800305A87 /* ViewController.swift */; };
		F2D90BD421525EF800305A87 /* Main.storyboard in Resources */ = {isa = PBXBuildFile; fileRef = F2D90BD221525EF800305A87 /* Main.storyboard */; };
		F2D90BD721525EF800305A87 /* gitTest.xcdatamodeld in Sources */ = {isa = PBXBuildFile; fileRef = F2D90BD521525EF800305A87 /* gitTest.xcdatamodeld */; };
		F2D90BD921525EF800305A87 /* Assets.xcassets in Resources */ = {isa = PBXBuildFile; fileRef = F2D90BD821525EF800305A87 /* Assets.xcassets */; };
		F2D90BDC21525EF800305A87 /* LaunchScreen.storyboard in Resources */ = {isa = PBXBuildFile; fileRef = F2D90BDA21525EF800305A87 /* LaunchScreen.storyboard */; };
/* End PBXBuildFile section */

/* Begin PBXFileReference section */
		71D420906BEBE6499FED396C /* Pods-gitTest.release.xcconfig */ = {isa = PBXFileReference; includeInIndex = 1; lastKnownFileType = text.xcconfig; name = "Pods-gitTest.release.xcconfig"; path = "Pods/Target Support Files/Pods-gitTest/Pods-gitTest.release.xcconfig"; sourceTree = "<group>"; };
		7AB597722E84BE73C8D96615 /* Pods-gitTest.debug.xcconfig */ = {isa = PBXFileReference; includeInIndex = 1; lastKnownFileType = text.xcconfig; name = "Pods-gitTest.debug.xcconfig"; path = "Pods/Target Support Files/Pods-gitTest/Pods-gitTest.debug.xcconfig"; sourceTree = "<group>"; };
		ADAAB0636D566F4A33D4B02E /* Pods_gitTest.framework */ = {isa = PBXFileReference; explicitFileType = wrapper.framework; includeInIndex = 0; path = Pods_gitTest.framework; sourceTree = BUILT_PRODUCTS_DIR; };
		F2D90BCB21525EF800305A87 /* gitTest.app */ = {isa = PBXFileReference; explicitFileType = wrapper.application; includeInIndex = 0; path = gitTest.app; sourceTree = BUILT_PRODUCTS_DIR; };
		F2D90BCE21525EF800305A87 /* AppDelegate.swift */ = {isa = PBXFileReference; lastKnownFileType = sourcecode.swift; path = AppDelegate.swift; sourceTree = "<group>"; };
		F2D90BD021525EF800305A87 /* ViewController.swift */ = {isa = PBXFileReference; lastKnownFileType = sourcecode.swift; path = ViewController.swift; sourceTree = "<group>"; };
		F2D90BD321525EF800305A87 /* Base */ = {isa = PBXFileReference; lastKnownFileType = file.storyboard; name = Base; path = Base.lproj/Main.storyboard; sourceTree = "<group>"; };
		F2D90BD621525EF800305A87 /* gitTest.xcdatamodel */ = {isa = PBXFileReference; lastKnownFileType = wrapper.xcdatamodel; path = gitTest.xcdatamodel; sourceTree = "<group>"; };
		F2D90BD821525EF800305A87 /* Assets.xcassets */ = {isa = PBXFileReference; lastKnownFileType = folder.assetcatalog; path = Assets.xcassets; sourceTree = "<group>"; };
		F2D90BDB21525EF800305A87 /* Base */ = {isa = PBXFileReference; lastKnownFileType = file.storyboard; name = Base; path = Base.lproj/LaunchScreen.storyboard; sourceTree = "<group>"; };
		F2D90BDD21525EF800305A87 /* Info.plist */ = {isa = PBXFileReference; lastKnownFileType = text.plist.xml; path = Info.plist; sourceTree = "<group>"; };
/* End PBXFileReference section */

/* Begin PBXFrameworksBuildPhase section */
		F2D90BC821525EF800305A87 /* Frameworks */ = {
			isa = PBXFrameworksBuildPhase;
			buildActionMask = 2147483647;
			files = (
				E445C936D414B9EBA50BADF3 /* Pods_gitTest.framework in Frameworks */,
			);
			runOnlyForDeploymentPostprocessing = 0;
		};
/* End PBXFrameworksBuildPhase section */

/* Begin PBXGroup section */
		38EF3E3087859A4A6B9CA805 /* Pods */ = {
			isa = PBXGroup;
			children = (
				7AB597722E84BE73C8D96615 /* Pods-gitTest.debug.xcconfig */,
				71D420906BEBE6499FED396C /* Pods-gitTest.release.xcconfig */,
			);
			name = Pods;
			sourceTree = "<group>";
		};
		C9B5DAEBD0FF3ACA17C6C232 /* Frameworks */ = {
			isa = PBXGroup;
			children = (
				ADAAB0636D566F4A33D4B02E /* Pods_gitTest.framework */,
			);
			name = Frameworks;
			sourceTree = "<group>";
		};
		F2D90BC221525EF800305A87 = {
			isa = PBXGroup;
			children = (
				F2D90BCD21525EF800305A87 /* gitTest */,
				F2D90BCC21525EF800305A87 /* Products */,
				38EF3E3087859A4A6B9CA805 /* Pods */,
				C9B5DAEBD0FF3ACA17C6C232 /* Frameworks */,
			);
			sourceTree = "<group>";
		};
		F2D90BCC21525EF800305A87 /* Products */ = {
			isa = PBXGroup;
			children = (
				F2D90BCB21525EF800305A87 /* gitTest.app */,
			);
			name = Products;
			sourceTree = "<group>";
		};
		F2D90BCD21525EF800305A87 /* gitTest */ = {
			isa = PBXGroup;
			children = (
				F2D90BCE21525EF800305A87 /* AppDelegate.swift */,
				F2D90BD021525EF800305A87 /* ViewController.swift */,
				F2D90BD221525EF800305A87 /* Main.storyboard */,
				F2D90BD821525EF800305A87 /* Assets.xcassets */,
				F2D90BDA21525EF800305A87 /* LaunchScreen.storyboard */,
				F2D90BDD21525EF800305A87 /* Info.plist */,
				F2D90BD521525EF800305A87 /* gitTest.xcdatamodeld */,
			);
			path = gitTest;
			sourceTree = "<group>";
		};
/* End PBXGroup section */

/* Begin PBXNativeTarget section */
		F2D90BCA21525EF800305A87 /* gitTest */ = {
			isa = PBXNativeTarget;
			buildConfigurationList = F2D90BE021525EF800305A87 /* Build configuration list for PBXNativeTarget "gitTest" */;
			buildPhases = (
				DE1DDF6848C9BC62D71DE273 /* [CP] Check Pods Manifest.lock */,
				F2D90BC721525EF800305A87 /* Sources */,
				F2D90BC821525EF800305A87 /* Frameworks */,
				F2D90BC921525EF800305A87 /* Resources */,
				413F6600D4D2639A081F170D /* [CP] Embed Pods Frameworks */,
			);
			buildRules = (
			);
			dependencies = (
			);
			name = gitTest;
			productName = gitTest;
			productReference = F2D90BCB21525EF800305A87 /* gitTest.app */;
			productType = "com.apple.product-type.application";
		};
/* End PBXNativeTarget section */

/* Begin PBXProject section */
		F2D90BC321525EF800305A87 /* Project object */ = {
			isa = PBXProject;
			attributes = {
				LastSwiftUpdateCheck = 0820;
				LastUpgradeCheck = 0820;
				ORGANIZATIONNAME = "Muhammad Aqeel";
				TargetAttributes = {
					F2D90BCA21525EF800305A87 = {
						CreatedOnToolsVersion = 8.2;
						ProvisioningStyle = Automatic;
					};
				};
			};
			buildConfigurationList = F2D90BC621525EF800305A87 /* Build configuration list for PBXProject "gitTest" */;
			compatibilityVersion = "Xcode 3.2";
			developmentRegion = English;
			hasScannedForEncodings = 0;
			knownRegions = (
				en,
				Base,
			);
			mainGroup = F2D90BC221525EF800305A87;
			productRefGroup = F2D90BCC21525EF800305A87 /* Products */;
			projectDirPath = "";
			projectRoot = "";
			targets = (
				F2D90BCA21525EF800305A87 /* gitTest */,
			);
		};
/* End PBXProject section */

/* Begin PBXResourcesBuildPhase section */
		F2D90BC921525EF800305A87 /* Resources */ = {
			isa = PBXResourcesBuildPhase;
			buildActionMask = 2147483647;
			files = (
				F2D90BDC21525EF800305A87 /* LaunchScreen.storyboard in Resources */,
				F2D90BD921525EF800305A87 /* Assets.xcassets in Resources */,
				F2D90BD421525EF800305A87 /* Main.storyboard in Resources */,
			);
			runOnlyForDeploymentPostprocessing = 0;
		};
/* End PBXResourcesBuildPhase section */

/* Begin PBXShellScriptBuildPhase section */
		413F6600D4D2639A081F170D /* [CP] Embed Pods Frameworks */ = {
			isa = PBXShellScriptBuildPhase;
			buildActionMask = 2147483647;
			files = (
			);
			inputPaths = (
				"${SRCROOT}/Pods/Target Support Files/Pods-gitTest/Pods-gitTest-frameworks.sh",
				"${BUILT_PRODUCTS_DIR}/Alamofire/Alamofire.framework",
				"${BUILT_PRODUCTS_DIR}/DLRadioButton/DLRadioButton.framework",
				"${BUILT_PRODUCTS_DIR}/JTAppleCalendar/JTAppleCalendar.framework",
				"${BUILT_PRODUCTS_DIR}/SwiftyJSON/SwiftyJSON.framework",
			);
			name = "[CP] Embed Pods Frameworks";
			outputPaths = (
				"${TARGET_BUILD_DIR}/${FRAMEWORKS_FOLDER_PATH}/Alamofire.framework",
				"${TARGET_BUILD_DIR}/${FRAMEWORKS_FOLDER_PATH}/DLRadioButton.framework",
				"${TARGET_BUILD_DIR}/${FRAMEWORKS_FOLDER_PATH}/JTAppleCalendar.framework",
				"${TARGET_BUILD_DIR}/${FRAMEWORKS_FOLDER_PATH}/SwiftyJSON.framework",
			);
			runOnlyForDeploymentPostprocessing = 0;
			shellPath = /bin/sh;
			shellScript = "\"${SRCROOT}/Pods/Target Support Files/Pods-gitTest/Pods-gitTest-frameworks.sh\"\n";
			showEnvVarsInLog = 0;
		};
		DE1DDF6848C9BC62D71DE273 /* [CP] Check Pods Manifest.lock */ = {
			isa = PBXShellScriptBuildPhase;
			buildActionMask = 2147483647;
			files = (
			);
			inputPaths = (
				"${PODS_PODFILE_DIR_PATH}/Podfile.lock",
				"${PODS_ROOT}/Manifest.lock",
			);
			name = "[CP] Check Pods Manifest.lock";
			outputPaths = (
				"$(DERIVED_FILE_DIR)/Pods-gitTest-checkManifestLockResult.txt",
			);
			runOnlyForDeploymentPostprocessing = 0;
			shellPath = /bin/sh;
			shellScript = "diff \"${PODS_PODFILE_DIR_PATH}/Podfile.lock\" \"${PODS_ROOT}/Manifest.lock\" > /dev/null\nif [ $? != 0 ] ; then\n    # print error to STDERR\n    echo \"error: The sandbox is not in sync with the Podfile.lock. Run 'pod install' or update your CocoaPods installation.\" >&2\n    exit 1\nfi\n# This output is used by Xcode 'outputs' to avoid re-running this script phase.\necho \"SUCCESS\" > \"${SCRIPT_OUTPUT_FILE_0}\"\n";
			showEnvVarsInLog = 0;
		};
/* End PBXShellScriptBuildPhase section */

/* Begin PBXSourcesBuildPhase section */
		F2D90BC721525EF800305A87 /* Sources */ = {
			isa = PBXSourcesBuildPhase;
			buildActionMask = 2147483647;
			files = (
				F2D90BD721525EF800305A87 /* gitTest.xcdatamodeld in Sources */,
				F2D90BD121525EF800305A87 /* ViewController.swift in Sources */,
				F2D90BCF21525EF800305A87 /* AppDelegate.swift in Sources */,
			);
			runOnlyForDeploymentPostprocessing = 0;
		};
/* End PBXSourcesBuildPhase section */

/* Begin PBXVariantGroup section */
		F2D90BD221525EF800305A87 /* Main.storyboard */ = {
			isa = PBXVariantGroup;
			children = (
				F2D90BD321525EF800305A87 /* Base */,
			);
			name = Main.storyboard;
			sourceTree = "<group>";
		};
		F2D90BDA21525EF800305A87 /* LaunchScreen.storyboard */ = {
			isa = PBXVariantGroup;
			children = (
				F2D90BDB21525EF800305A87 /* Base */,
			);
			name = LaunchScreen.storyboard;
			sourceTree = "<group>";
		};
/* End PBXVariantGroup section */

/* Begin XCBuildConfiguration section */
		F2D90BDE21525EF800305A87 /* Debug */ = {
			isa = XCBuildConfiguration;
			buildSettings = {
				ALWAYS_SEARCH_USER_PATHS = NO;
				CLANG_ANALYZER_NONNULL = YES;
				CLANG_CXX_LANGUAGE_STANDARD = "gnu++0x";
				CLANG_CXX_LIBRARY = "libc++";
				CLANG_ENABLE_MODULES = YES;
				CLANG_ENABLE_OBJC_ARC = YES;
				CLANG_WARN_BOOL_CONVERSION = YES;
				CLANG_WARN_CONSTANT_CONVERSION = YES;
				CLANG_WARN_DIRECT_OBJC_ISA_USAGE = YES_ERROR;
				CLANG_WARN_DOCUMENTATION_COMMENTS = YES;
				CLANG_WARN_EMPTY_BODY = YES;
				CLANG_WARN_ENUM_CONVERSION = YES;
				CLANG_WARN_INFINITE_RECURSION = YES;
				CLANG_WARN_INT_CONVERSION = YES;
				CLANG_WARN_OBJC_ROOT_CLASS = YES_ERROR;
				CLANG_WARN_SUSPICIOUS_MOVE = YES;
				CLANG_WARN_UNREACHABLE_CODE = YES;
				CLANG_WARN__DUPLICATE_METHOD_MATCH = YES;
				"CODE_SIGN_IDENTITY[sdk=iphoneos*]" = "iPhone Developer";
				COPY_PHASE_STRIP = NO;
				DEBUG_INFORMATION_FORMAT = dwarf;
				ENABLE_STRICT_OBJC_MSGSEND = YES;
				ENABLE_TESTABILITY = YES;
				GCC_C_LANGUAGE_STANDARD = gnu99;
				GCC_DYNAMIC_NO_PIC = NO;
				GCC_NO_COMMON_BLOCKS = YES;
				GCC_OPTIMIZATION_LEVEL = 0;
				GCC_PREPROCESSOR_DEFINITIONS = (
					"DEBUG=1",
					"$(inherited)",
				);
				GCC_WARN_64_TO_32_BIT_CONVERSION = YES;
				GCC_WARN_ABOUT_RETURN_TYPE = YES_ERROR;
				GCC_WARN_UNDECLARED_SELECTOR = YES;
				GCC_WARN_UNINITIALIZED_AUTOS = YES_AGGRESSIVE;
				GCC_WARN_UNUSED_FUNCTION = YES;
				GCC_WARN_UNUSED_VARIABLE = YES;
				IPHONEOS_DEPLOYMENT_TARGET = 10.2;
				MTL_ENABLE_DEBUG_INFO = YES;
				ONLY_ACTIVE_ARCH = YES;
				SDKROOT = iphoneos;
				SWIFT_ACTIVE_COMPILATION_CONDITIONS = DEBUG;
				SWIFT_OPTIMIZATION_LEVEL = "-Onone";
			};
			name = Debug;
		};
		F2D90BDF21525EF800305A87 /* Release */ = {
			isa = XCBuildConfiguration;
			buildSettings = {
				ALWAYS_SEARCH_USER_PATHS = NO;
				CLANG_ANALYZER_NONNULL = YES;
				CLANG_CXX_LANGUAGE_STANDARD = "gnu++0x";
				CLANG_CXX_LIBRARY = "libc++";
				CLANG_ENABLE_MODULES = YES;
				CLANG_ENABLE_OBJC_ARC = YES;
				CLANG_WARN_BOOL_CONVERSION = YES;
				CLANG_WARN_CONSTANT_CONVERSION = YES;
				CLANG_WARN_DIRECT_OBJC_ISA_USAGE = YES_ERROR;
				CLANG_WARN_DOCUMENTATION_COMMENTS = YES;
				CLANG_WARN_EMPTY_BODY = YES;
				CLANG_WARN_ENUM_CONVERSION = YES;
				CLANG_WARN_INFINITE_RECURSION = YES;
				CLANG_WARN_INT_CONVERSION = YES;
				CLANG_WARN_OBJC_ROOT_CLASS = YES_ERROR;
				CLANG_WARN_SUSPICIOUS_MOVE = YES;
				CLANG_WARN_UNREACHABLE_CODE = YES;
				CLANG_WARN__DUPLICATE_METHOD_MATCH = YES;
				"CODE_SIGN_IDENTITY[sdk=iphoneos*]" = "iPhone Developer";
				COPY_PHASE_STRIP = NO;
				DEBUG_INFORMATION_FORMAT = "dwarf-with-dsym";
				ENABLE_NS_ASSERTIONS = NO;
				ENABLE_STRICT_OBJC_MSGSEND = YES;
				GCC_C_LANGUAGE_STANDARD = gnu99;
				GCC_NO_COMMON_BLOCKS = YES;
				GCC_WARN_64_TO_32_BIT_CONVERSION = YES;
				GCC_WARN_ABOUT_RETURN_TYPE = YES_ERROR;
				GCC_WARN_UNDECLARED_SELECTOR = YES;
				GCC_WARN_UNINITIALIZED_AUTOS = YES_AGGRESSIVE;
				GCC_WARN_UNUSED_FUNCTION = YES;
				GCC_WARN_UNUSED_VARIABLE = YES;
				IPHONEOS_DEPLOYMENT_TARGET = 10.2;
				MTL_ENABLE_DEBUG_INFO = NO;
				SDKROOT = iphoneos;
				SWIFT_OPTIMIZATION_LEVEL = "-Owholemodule";
				VALIDATE_PRODUCT = YES;
			};
			name = Release;
		};
		F2D90BE121525EF800305A87 /* Debug */ = {
			isa = XCBuildConfiguration;
			baseConfigurationReference = 7AB597722E84BE73C8D96615 /* Pods-gitTest.debug.xcconfig */;
			buildSettings = {
				ASSETCATALOG_COMPILER_APPICON_NAME = AppIcon;
				INFOPLIST_FILE = gitTest/Info.plist;
				LD_RUNPATH_SEARCH_PATHS = "$(inherited) @executable_path/Frameworks";
				PRODUCT_BUNDLE_IDENTIFIER = com.sureTech.Aqeel.gitTest;
				PRODUCT_NAME = "$(TARGET_NAME)";
				SWIFT_VERSION = 3.0;
			};
			name = Debug;
		};
		F2D90BE221525EF800305A87 /* Release */ = {
			isa = XCBuildConfiguration;
			baseConfigurationReference = 71D420906BEBE6499FED396C /* Pods-gitTest.release.xcconfig */;
			buildSettings = {
				ASSETCATALOG_COMPILER_APPICON_NAME = AppIcon;
				INFOPLIST_FILE = gitTest/Info.plist;
				LD_RUNPATH_SEARCH_PATHS = "$(inherited) @executable_path/Frameworks";
				PRODUCT_BUNDLE_IDENTIFIER = com.sureTech.Aqeel.gitTest;
				PRODUCT_NAME = "$(TARGET_NAME)";
				SWIFT_VERSION = 3.0;
			};
			name = Release;
		};
/* End XCBuildConfiguration section */

/* Begin XCConfigurationList section */
		F2D90BC621525EF800305A87 /* Build configuration list for PBXProject "gitTest" */ = {
			isa = XCConfigurationList;
			buildConfigurations = (
				F2D90BDE21525EF800305A87 /* Debug */,
				F2D90BDF21525EF800305A87 /* Release */,
			);
			defaultConfigurationIsVisible = 0;
			defaultConfigurationName = Release;
		};
		F2D90BE021525EF800305A87 /* Build configuration list for PBXNativeTarget "gitTest" */ = {
			isa = XCConfigurationList;
			buildConfigurations = (
				F2D90BE121525EF800305A87 /* Debug */,
				F2D90BE221525EF800305A87 /* Release */,
			);
			defaultConfigurationIsVisible = 0;
		};
/* End XCConfigurationList section */

/* Begin XCVersionGroup section */
		F2D90BD521525EF800305A87 /* gitTest.xcdatamodeld */ = {
			isa = XCVersionGroup;
			children = (
				F2D90BD621525EF800305A87 /* gitTest.xcdatamodel */,
			);
			currentVersion = F2D90BD621525EF800305A87 /* gitTest.xcdatamodel */;
			path = gitTest.xcdatamodeld;
			sourceTree = "<group>";
			versionGroupType = wrapper.xcdatamodel;
		};
/* End XCVersionGroup section */
	};
	rootObject = F2D90BC321525EF800305A87 /* Project object */;
}
